
Microsoft Visual Studio Solution File, Format Version 12.00
# Visual Studio 14
VisualStudioVersion = 14.0.25420.1
MinimumVisualStudioVersion = 10.0.40219.1
Project("{8BB2217D-0F2D-49D1-97BC-3654ED321F3B}") = "SharpRhythms", "SharpRhythms\SharpRhythms.xproj", "{3C47E51F-718C-40EE-8F0A-B12DBA26680F}"
EndProject
Project("{8BB2217D-0F2D-49D1-97BC-3654ED321F3B}") = "SharpRhythms.Tests", "SharpRhythms.Tests\SharpRhythms.Tests.xproj", "{1984F6A1-AD35-480E-A302-3E1203F42B50}"
EndProject
Global
	GlobalSection(SolutionConfigurationPlatforms) = preSolution
		Debug|Any CPU = Debug|Any CPU
		Release|Any CPU = Release|Any CPU
	EndGlobalSection
	GlobalSection(ProjectConfigurationPlatforms) = postSolution
		{3C47E51F-718C-40EE-8F0A-B12DBA26680F}.Debug|Any CPU.ActiveCfg = Debug|Any CPU
		{3C47E51F-718C-40EE-8F0A-B12DBA26680F}.Debug|Any CPU.Build.0 = Debug|Any CPU
		{3C47E51F-718C-40EE-8F0A-B12DBA26680F}.Release|Any CPU.ActiveCfg = Release|Any CPU
		{3C47E51F-718C-40EE-8F0A-B12DBA26680F}.Release|Any CPU.Build.0 = Release|Any CPU
		{1984F6A1-AD35-480E-A302-3E1203F42B50}.Debug|Any CPU.ActiveCfg = Debug|Any CPU
		{1984F6A1-AD35-480E-A302-3E1203F42B50}.Debug|Any CPU.Build.0 = Debug|Any CPU
		{1984F6A1-AD35-480E-A302-3E1203F42B50}.Release|Any CPU.ActiveCfg = Release|Any CPU
		{1984F6A1-AD35-480E-A302-3E1203F42B50}.Release|Any CPU.Build.0 = Release|Any CPU
	EndGlobalSection
	GlobalSection(SolutionProperties) = preSolution
		HideSolutionNode = FALSE
	EndGlobalSection
EndGlobal
